{
    "version": 3,
    "terraform_version": "0.11.13",
    "serial": 4,
    "lineage": "54e8f7a6-b23c-05c1-1bc8-4de83ac62592",
    "modules": [
        {
            "path": [
                "root"
            ],
            "outputs": {},
            "resources": {
                "aws_db_subnet_group.db": {
                    "type": "aws_db_subnet_group",
                    "depends_on": [],
                    "primary": {
                        "id": "db",
                        "attributes": {
                            "arn": "arn:aws:rds:us-east-2:808338472994:subgrp:db",
                            "description": "Managed by Terraform",
                            "id": "db",
                            "name": "db",
                            "subnet_ids.#": "3",
                            "subnet_ids.2432262526": "subnet-0ef4a790d04655f17",
                            "subnet_ids.36272079": "subnet-0c1faf9f9e20d6aaa",
                            "subnet_ids.3681654542": "subnet-042f3148fa63ea57e",
                            "tags.%": "0"
                        },
                        "meta": {},
                        "tainted": false
                    },
                    "deposed": [],
                    "provider": "provider.aws"
                },
                "aws_security_group.db": {
                    "type": "aws_security_group",
                    "depends_on": [],
                    "primary": {
                        "id": "sg-0c0251ce5e602ad3b",
                        "attributes": {
                            "arn": "arn:aws:ec2:us-east-2:808338472994:security-group/sg-0c0251ce5e602ad3b",
                            "description": "Allow Mysql traffic",
                            "egress.#": "1",
                            "egress.482069346.cidr_blocks.#": "1",
                            "egress.482069346.cidr_blocks.0": "0.0.0.0/0",
                            "egress.482069346.description": "",
                            "egress.482069346.from_port": "0",
                            "egress.482069346.ipv6_cidr_blocks.#": "0",
                            "egress.482069346.prefix_list_ids.#": "0",
                            "egress.482069346.protocol": "-1",
                            "egress.482069346.security_groups.#": "0",
                            "egress.482069346.self": "false",
                            "egress.482069346.to_port": "0",
                            "id": "sg-0c0251ce5e602ad3b",
                            "ingress.#": "1",
                            "ingress.1833103227.cidr_blocks.#": "1",
                            "ingress.1833103227.cidr_blocks.0": "0.0.0.0/0",
                            "ingress.1833103227.description": "Allow mysql",
                            "ingress.1833103227.from_port": "3306",
                            "ingress.1833103227.ipv6_cidr_blocks.#": "0",
                            "ingress.1833103227.prefix_list_ids.#": "0",
                            "ingress.1833103227.protocol": "tcp",
                            "ingress.1833103227.security_groups.#": "0",
                            "ingress.1833103227.self": "false",
                            "ingress.1833103227.to_port": "3306",
                            "name": "db",
                            "owner_id": "808338472994",
                            "revoke_rules_on_delete": "false",
                            "tags.%": "0",
                            "vpc_id": "vpc-0a6f0eb80882caea8"
                        },
                        "meta": {
                            "e2bfb730-ecaa-11e6-8f88-34363bc7c4c0": {
                                "create": 600000000000,
                                "delete": 600000000000
                            },
                            "schema_version": "1"
                        },
                        "tainted": false
                    },
                    "deposed": [],
                    "provider": "provider.aws"
                }
            },
            "depends_on": []
        }
    ]
}
